
Microsoft Visual Studio Solution File, Format Version 12.00
# Visual Studio Version 17
VisualStudioVersion = 17.11.35222.181
MinimumVisualStudioVersion = 10.0.40219.1
Project("{FAE04EC0-301F-11D3-BF4B-00C04F79EFBC}") = "RelationshipMVC", "RelationshipMVC\RelationshipMVC.csproj", "{4E318A73-AB83-4F79-B31D-B458DF20AEF9}"
EndProject
Global
	GlobalSection(SolutionConfigurationPlatforms) = preSolution
		Debug|Any CPU = Debug|Any CPU
		Release|Any CPU = Release|Any CPU
	EndGlobalSection
	GlobalSection(ProjectConfigurationPlatforms) = postSolution
		{4E318A73-AB83-4F79-B31D-B458DF20AEF9}.Debug|Any CPU.ActiveCfg = Debug|Any CPU
		{4E318A73-AB83-4F79-B31D-B458DF20AEF9}.Debug|Any CPU.Build.0 = Debug|Any CPU
		{4E318A73-AB83-4F79-B31D-B458DF20AEF9}.Release|Any CPU.ActiveCfg = Release|Any CPU
		{4E318A73-AB83-4F79-B31D-B458DF20AEF9}.Release|Any CPU.Build.0 = Release|Any CPU
	EndGlobalSection
	GlobalSection(SolutionProperties) = preSolution
		HideSolutionNode = FALSE
	EndGlobalSection
	GlobalSection(ExtensibilityGlobals) = postSolution
		SolutionGuid = {8DA7B282-352B-4D75-9431-81E2908C4480}
	EndGlobalSection
EndGlobal
